
Microsoft Visual Studio Solution File, Format Version 12.00
# Visual Studio Version 17
VisualStudioVersion = 17.3.32825.248
MinimumVisualStudioVersion = 10.0.40219.1
Project("{9A19103F-16F7-4668-BE54-9A1E7A4F7556}") = "PruebaCryptoAPI", "PruebaCryptoAPI\PruebaCryptoAPI.csproj", "{B9F247CA-AB5A-4707-8F60-7F1A12A28430}"
EndProject
Project("{FAE04EC0-301F-11D3-BF4B-00C04F79EFBC}") = "Negocio", "Negocio\Negocio.csproj", "{D426A555-315E-45E6-970C-AE1FDDC0251C}"
EndProject
Project("{FAE04EC0-301F-11D3-BF4B-00C04F79EFBC}") = "Entities", "Entities\Entities.csproj", "{1EF6EE95-E7C4-4858-A227-319FBE94BE75}"
EndProject
Global
	GlobalSection(SolutionConfigurationPlatforms) = preSolution
		Debug|Any CPU = Debug|Any CPU
		Release|Any CPU = Release|Any CPU
	EndGlobalSection
	GlobalSection(ProjectConfigurationPlatforms) = postSolution
		{B9F247CA-AB5A-4707-8F60-7F1A12A28430}.Debug|Any CPU.ActiveCfg = Debug|Any CPU
		{B9F247CA-AB5A-4707-8F60-7F1A12A28430}.Debug|Any CPU.Build.0 = Debug|Any CPU
		{B9F247CA-AB5A-4707-8F60-7F1A12A28430}.Release|Any CPU.ActiveCfg = Release|Any CPU
		{B9F247CA-AB5A-4707-8F60-7F1A12A28430}.Release|Any CPU.Build.0 = Release|Any CPU
		{D426A555-315E-45E6-970C-AE1FDDC0251C}.Debug|Any CPU.ActiveCfg = Debug|Any CPU
		{D426A555-315E-45E6-970C-AE1FDDC0251C}.Debug|Any CPU.Build.0 = Debug|Any CPU
		{D426A555-315E-45E6-970C-AE1FDDC0251C}.Release|Any CPU.ActiveCfg = Release|Any CPU
		{D426A555-315E-45E6-970C-AE1FDDC0251C}.Release|Any CPU.Build.0 = Release|Any CPU
		{1EF6EE95-E7C4-4858-A227-319FBE94BE75}.Debug|Any CPU.ActiveCfg = Debug|Any CPU
		{1EF6EE95-E7C4-4858-A227-319FBE94BE75}.Debug|Any CPU.Build.0 = Debug|Any CPU
		{1EF6EE95-E7C4-4858-A227-319FBE94BE75}.Release|Any CPU.ActiveCfg = Release|Any CPU
		{1EF6EE95-E7C4-4858-A227-319FBE94BE75}.Release|Any CPU.Build.0 = Release|Any CPU
	EndGlobalSection
	GlobalSection(SolutionProperties) = preSolution
		HideSolutionNode = FALSE
	EndGlobalSection
	GlobalSection(ExtensibilityGlobals) = postSolution
		SolutionGuid = {95037EB8-6F8F-4BDA-9E20-08F87F94D32E}
	EndGlobalSection
EndGlobal
